
Microsoft Visual Studio Solution File, Format Version 12.00
# Visual Studio Version 17
VisualStudioVersion = 17.5.002.0
MinimumVisualStudioVersion = 10.0.40219.1
Project("{9A19103F-16F7-4668-BE54-9A1E7A4F7556}") = "jeja2306-dt071g-moment3", "jeja2306-dt071g-moment3.csproj", "{DB8E54B8-4B51-484C-92C3-4B06B1848417}"
EndProject
Global
	GlobalSection(SolutionConfigurationPlatforms) = preSolution
		Debug|Any CPU = Debug|Any CPU
		Release|Any CPU = Release|Any CPU
	EndGlobalSection
	GlobalSection(ProjectConfigurationPlatforms) = postSolution
		{DB8E54B8-4B51-484C-92C3-4B06B1848417}.Debug|Any CPU.ActiveCfg = Debug|Any CPU
		{DB8E54B8-4B51-484C-92C3-4B06B1848417}.Debug|Any CPU.Build.0 = Debug|Any CPU
		{DB8E54B8-4B51-484C-92C3-4B06B1848417}.Release|Any CPU.ActiveCfg = Release|Any CPU
		{DB8E54B8-4B51-484C-92C3-4B06B1848417}.Release|Any CPU.Build.0 = Release|Any CPU
	EndGlobalSection
	GlobalSection(SolutionProperties) = preSolution
		HideSolutionNode = FALSE
	EndGlobalSection
	GlobalSection(ExtensibilityGlobals) = postSolution
		SolutionGuid = {2FF83764-2B4E-4CB4-84B9-059609800FB6}
	EndGlobalSection
EndGlobal
